
Microsoft Visual Studio Solution File, Format Version 12.00
# Visual Studio Version 17
VisualStudioVersion = 17.13.35825.156 d17.13
MinimumVisualStudioVersion = 10.0.40219.1
Project("{FAE04EC0-301F-11D3-BF4B-00C04F79EFBC}") = "GoVisit", "GoVisit.csproj", "{1CEA7C7A-9104-4441-B702-67346D1777F0}"
EndProject
Global
	GlobalSection(SolutionConfigurationPlatforms) = preSolution
		Debug|Any CPU = Debug|Any CPU
		Release|Any CPU = Release|Any CPU
	EndGlobalSection
	GlobalSection(ProjectConfigurationPlatforms) = postSolution
		{1CEA7C7A-9104-4441-B702-67346D1777F0}.Debug|Any CPU.ActiveCfg = Debug|Any CPU
		{1CEA7C7A-9104-4441-B702-67346D1777F0}.Debug|Any CPU.Build.0 = Debug|Any CPU
		{1CEA7C7A-9104-4441-B702-67346D1777F0}.Release|Any CPU.ActiveCfg = Release|Any CPU
		{1CEA7C7A-9104-4441-B702-67346D1777F0}.Release|Any CPU.Build.0 = Release|Any CPU
	EndGlobalSection
	GlobalSection(SolutionProperties) = preSolution
		HideSolutionNode = FALSE
	EndGlobalSection
	GlobalSection(ExtensibilityGlobals) = postSolution
		SolutionGuid = {23C9EC97-1A42-4C34-90B4-2D67354DCD42}
	EndGlobalSection
EndGlobal
